{
  "nodes": {
    "caddy": {
      "locked": {
        "lastModified": 1748037045,
        "narHash": "sha256-EaXolTeBp2xVXFsivNatx82+VkIVbxIsMzIcc4p+N6c=",
        "owner": "vincentbernat",
        "repo": "caddy-nix",
        "rev": "b65dce2399a40a4213508e5c1bfa81cb7d0956c5",
        "type": "github"
      },
      "original": {
        "owner": "vincentbernat",
        "repo": "caddy-nix",
        "type": "github"
      }
    },
    "clipper": {
      "inputs": {
        "flake-utils": "flake-utils",
        "nixpkgs": "nixpkgs"
      },
      "locked": {
        "lastModified": 1753953475,
        "narHash": "sha256-NgUeALVFYR5VPZykoTsOSaR0IdZddwvjN7bgHJ+CIoc=",
        "path": "/home/me/source/test2",
        "type": "path"
      },
      "original": {
        "path": "/home/me/source/test2",
        "type": "path"
      }
    },
    "declarative-jellyfin": {
      "inputs": {
        "nixpkgs": [
          "nixpkgs"
        ],
        "systems": "systems_2",
        "treefmt-nix": "treefmt-nix"
      },
      "locked": {
        "lastModified": 1756573013,
        "narHash": "sha256-905Mnl2iYPO3zB4Zc09dTiNaDg08F0vnrN2E7d/Sgwg=",
        "owner": "Sveske-Juice",
        "repo": "declarative-jellyfin",
        "rev": "5de4ad06257f5e978462092116ee488e099e7e10",
        "type": "github"
      },
      "original": {
        "owner": "Sveske-Juice",
        "repo": "declarative-jellyfin",
        "type": "github"
      }
    },
    "firefox-gnome-theme": {
      "flake": false,
      "locked": {
        "lastModified": 1756083905,
        "narHash": "sha256-UqYGTBgI5ypGh0Kf6zZjom/vABg7HQocB4gmxzl12uo=",
        "owner": "rafaelmardojai",
        "repo": "firefox-gnome-theme",
        "rev": "b655eaf16d4cbec9c3472f62eee285d4b419a808",
        "type": "github"
      },
      "original": {
        "owner": "rafaelmardojai",
        "repo": "firefox-gnome-theme",
        "type": "github"
      }
    },
    "flake-compat": {
      "flake": false,
      "locked": {
        "lastModified": 1747046372,
        "narHash": "sha256-CIVLLkVgvHYbgI2UpXvIIBJ12HWgX+fjA8Xf8PUmqCY=",
        "owner": "edolstra",
        "repo": "flake-compat",
        "rev": "9100a0f413b0c601e0533d1d94ffd501ce2e7885",
        "type": "github"
      },
      "original": {
        "owner": "edolstra",
        "repo": "flake-compat",
        "type": "github"
      }
    },
    "flake-utils": {
      "inputs": {
        "systems": "systems"
      },
      "locked": {
        "lastModified": 1731533236,
        "narHash": "sha256-l0KFg5HjrsfsO/JpG+r7fRrqm12kzFHyUHqHCVpMMbI=",
        "owner": "numtide",
        "repo": "flake-utils",
        "rev": "11707dc2f618dd54ca8739b309ec4fc024de578b",
        "type": "github"
      },
      "original": {
        "owner": "numtide",
        "repo": "flake-utils",
        "type": "github"
      }
    },
    "flake-utils_2": {
      "inputs": {
        "systems": "systems_3"
      },
      "locked": {
        "lastModified": 1731533236,
        "narHash": "sha256-l0KFg5HjrsfsO/JpG+r7fRrqm12kzFHyUHqHCVpMMbI=",
        "owner": "numtide",
        "repo": "flake-utils",
        "rev": "11707dc2f618dd54ca8739b309ec4fc024de578b",
        "type": "github"
      },
      "original": {
        "owner": "numtide",
        "repo": "flake-utils",
        "type": "github"
      }
    },
    "flake-utils_3": {
      "inputs": {
        "systems": [
          "piped",
          "systems"
        ]
      },
      "locked": {
        "lastModified": 1731533236,
        "narHash": "sha256-l0KFg5HjrsfsO/JpG+r7fRrqm12kzFHyUHqHCVpMMbI=",
        "owner": "numtide",
        "repo": "flake-utils",
        "rev": "11707dc2f618dd54ca8739b309ec4fc024de578b",
        "type": "github"
      },
      "original": {
        "id": "flake-utils",
        "type": "indirect"
      }
    },
    "flatpaks": {
      "locked": {
        "lastModified": 1754772718,
        "narHash": "sha256-AlYxWTqGiYlyMbMkh7Zt+2wekPxd3d1x6INbr2nQtTI=",
        "owner": "in-a-dil-emma",
        "repo": "declarative-flatpak",
        "rev": "8ca8ff9fffb6c94561b74f79569a0ac0e43464c2",
        "type": "github"
      },
      "original": {
        "owner": "in-a-dil-emma",
        "ref": "stable-v3",
        "repo": "declarative-flatpak",
        "type": "github"
      }
    },
    "home-manager": {
      "inputs": {
        "nixpkgs": [
          "nixpkgs"
        ]
      },
      "locked": {
        "lastModified": 1756734952,
        "narHash": "sha256-H6jmduj4QIncLPAPODPSG/8ry9lpr1kRq6fYytU52qU=",
        "owner": "nix-community",
        "repo": "home-manager",
        "rev": "29ab63bbb3d9eee4a491f7ce701b189becd34068",
        "type": "github"
      },
      "original": {
        "owner": "nix-community",
        "ref": "master",
        "repo": "home-manager",
        "type": "github"
      }
    },
    "impermanence": {
      "locked": {
        "lastModified": 1737831083,
        "narHash": "sha256-LJggUHbpyeDvNagTUrdhe/pRVp4pnS6wVKALS782gRI=",
        "owner": "nix-community",
        "repo": "impermanence",
        "rev": "4b3e914cdf97a5b536a889e939fb2fd2b043a170",
        "type": "github"
      },
      "original": {
        "owner": "nix-community",
        "repo": "impermanence",
        "type": "github"
      }
    },
    "nix-minecraft": {
      "inputs": {
        "flake-compat": "flake-compat",
        "flake-utils": "flake-utils_2",
        "nixpkgs": [
          "nixpkgs"
        ]
      },
      "locked": {
        "lastModified": 1756692734,
        "narHash": "sha256-i+nMeFwG7tHYWGvUYKvmg8FVPVnqLrZey9mLpdypPmA=",
        "owner": "Infinidoge",
        "repo": "nix-minecraft",
        "rev": "3cfb5bddc3479ff7f403fa3d6cdbdfe2d25e54d5",
        "type": "github"
      },
      "original": {
        "owner": "Infinidoge",
        "repo": "nix-minecraft",
        "type": "github"
      }
    },
    "nixpkgs": {
      "locked": {
        "lastModified": 1735563628,
        "narHash": "sha256-OnSAY7XDSx7CtDoqNh8jwVwh4xNL/2HaJxGjryLWzX8=",
        "owner": "NixOS",
        "repo": "nixpkgs",
        "rev": "b134951a4c9f3c995fd7be05f3243f8ecd65d798",
        "type": "github"
      },
      "original": {
        "owner": "NixOS",
        "ref": "nixos-24.05",
        "repo": "nixpkgs",
        "type": "github"
      }
    },
    "nixpkgs-git": {
      "locked": {
        "lastModified": 1756738862,
        "narHash": "sha256-W7v79IlWo3gSadCZEQ06JQq99ivNUEEpzbyeX4ZsO90=",
        "owner": "NixOS",
        "repo": "nixpkgs",
        "rev": "93ba2e4ccd7add36d201f40c780d656b7329838e",
        "type": "github"
      },
      "original": {
        "owner": "NixOS",
        "ref": "master",
        "repo": "nixpkgs",
        "type": "github"
      }
    },
    "nixpkgs_2": {
      "locked": {
        "lastModified": 1756542300,
        "narHash": "sha256-tlOn88coG5fzdyqz6R93SQL5Gpq+m/DsWpekNFhqPQk=",
        "owner": "NixOS",
        "repo": "nixpkgs",
        "rev": "d7600c775f877cd87b4f5a831c28aa94137377aa",
        "type": "github"
      },
      "original": {
        "owner": "NixOS",
        "ref": "nixos-unstable",
        "repo": "nixpkgs",
        "type": "github"
      }
    },
    "nixpkgs_3": {
      "locked": {
        "lastModified": 1753749649,
        "narHash": "sha256-+jkEZxs7bfOKfBIk430K+tK9IvXlwzqQQnppC2ZKFj4=",
        "owner": "NixOS",
        "repo": "nixpkgs",
        "rev": "1f08a4df998e21f4e8be8fb6fbf61d11a1a5076a",
        "type": "github"
      },
      "original": {
        "owner": "NixOS",
        "ref": "nixos-25.05",
        "repo": "nixpkgs",
        "type": "github"
      }
    },
    "nixpkgs_4": {
      "locked": {
        "lastModified": 1744868846,
        "narHash": "sha256-5RJTdUHDmj12Qsv7XOhuospjAjATNiTMElplWnJE9Hs=",
        "owner": "NixOS",
        "repo": "nixpkgs",
        "rev": "ebe4301cbd8f81c4f8d3244b3632338bbeb6d49c",
        "type": "github"
      },
      "original": {
        "owner": "NixOS",
        "ref": "nixpkgs-unstable",
        "repo": "nixpkgs",
        "type": "github"
      }
    },
    "nixpkgs_5": {
      "locked": {
        "lastModified": 1756542300,
        "narHash": "sha256-tlOn88coG5fzdyqz6R93SQL5Gpq+m/DsWpekNFhqPQk=",
        "owner": "NixOS",
        "repo": "nixpkgs",
        "rev": "d7600c775f877cd87b4f5a831c28aa94137377aa",
        "type": "github"
      },
      "original": {
        "owner": "NixOS",
        "ref": "nixos-unstable",
        "repo": "nixpkgs",
        "type": "github"
      }
    },
    "piped": {
      "inputs": {
        "flake-utils": "flake-utils_3",
        "nixpkgs": "nixpkgs_3",
        "piped-backend-src": "piped-backend-src",
        "piped-frontend-src": "piped-frontend-src",
        "piped-proxy-src": "piped-proxy-src",
        "systems": "systems_4"
      },
      "locked": {
        "lastModified": 1756352588,
        "narHash": "sha256-BRUy20HI6pxoWcCFXL/bmlp+0f6FtopQzAKYQmaFWNc=",
        "owner": "squalus",
        "repo": "piped-flake",
        "rev": "ac06be10149dbeaa860e4bea4f5b37bafe329e39",
        "type": "github"
      },
      "original": {
        "owner": "squalus",
        "repo": "piped-flake",
        "type": "github"
      }
    },
    "piped-backend-src": {
      "flake": false,
      "locked": {
        "lastModified": 1755928542,
        "narHash": "sha256-AFn1Oj5/mMbQqSLlIcELuCDfAcJcJy0jtabqpUMBO2o=",
        "owner": "TeamPiped",
        "repo": "piped-backend",
        "rev": "b0f6840686e208cd38ee3f0eb022a88c174285a6",
        "type": "github"
      },
      "original": {
        "owner": "TeamPiped",
        "repo": "piped-backend",
        "type": "github"
      }
    },
    "piped-frontend-src": {
      "flake": false,
      "locked": {
        "lastModified": 1756087287,
        "narHash": "sha256-YNmtlqBwqxt1EFBA1OAOYToQAztAnHfneHb7NkEdInU=",
        "owner": "TeamPiped",
        "repo": "Piped",
        "rev": "9a6659b7ba48f3079e8bcc544914f56cb127ae73",
        "type": "github"
      },
      "original": {
        "owner": "TeamPiped",
        "repo": "Piped",
        "type": "github"
      }
    },
    "piped-proxy-src": {
      "flake": false,
      "locked": {
        "lastModified": 1756211958,
        "narHash": "sha256-JIXydQGiIDFyPcpQhEKRKwYKAw+KqsfGLnqHeyzfP5U=",
        "owner": "TeamPiped",
        "repo": "piped-proxy",
        "rev": "0188b08057c166a316bb7aa3a1755d78dd11cc24",
        "type": "github"
      },
      "original": {
        "owner": "TeamPiped",
        "repo": "piped-proxy",
        "type": "github"
      }
    },
    "root": {
      "inputs": {
        "caddy": "caddy",
        "clipper": "clipper",
        "declarative-jellyfin": "declarative-jellyfin",
        "firefox-gnome-theme": "firefox-gnome-theme",
        "flatpaks": "flatpaks",
        "home-manager": "home-manager",
        "impermanence": "impermanence",
        "nix-minecraft": "nix-minecraft",
        "nixpkgs": "nixpkgs_2",
        "nixpkgs-git": "nixpkgs-git",
        "piped": "piped",
        "sops-nix": "sops-nix",
        "spicetify-nix": "spicetify-nix"
      }
    },
    "sops-nix": {
      "inputs": {
        "nixpkgs": "nixpkgs_4"
      },
      "locked": {
        "lastModified": 1754988908,
        "narHash": "sha256-t+voe2961vCgrzPFtZxha0/kmFSHFobzF00sT8p9h0U=",
        "owner": "Mic92",
        "repo": "sops-nix",
        "rev": "3223c7a92724b5d804e9988c6b447a0d09017d48",
        "type": "github"
      },
      "original": {
        "owner": "Mic92",
        "repo": "sops-nix",
        "type": "github"
      }
    },
    "spicetify-nix": {
      "inputs": {
        "nixpkgs": "nixpkgs_5",
        "systems": "systems_5"
      },
      "locked": {
        "lastModified": 1756614537,
        "narHash": "sha256-qyszmZO9CEKAlj5NBQo1AIIADm5Fgqs5ZggW1sU1TVo=",
        "owner": "Gerg-L",
        "repo": "spicetify-nix",
        "rev": "374eb5d97092b97f7aaafd58a2012943b388c0df",
        "type": "github"
      },
      "original": {
        "owner": "Gerg-L",
        "repo": "spicetify-nix",
        "type": "github"
      }
    },
    "systems": {
      "locked": {
        "lastModified": 1681028828,
        "narHash": "sha256-Vy1rq5AaRuLzOxct8nz4T6wlgyUR7zLU309k9mBC768=",
        "owner": "nix-systems",
        "repo": "default",
        "rev": "da67096a3b9bf56a91d16901293e51ba5b49a27e",
        "type": "github"
      },
      "original": {
        "owner": "nix-systems",
        "repo": "default",
        "type": "github"
      }
    },
    "systems_2": {
      "locked": {
        "lastModified": 1681028828,
        "narHash": "sha256-Vy1rq5AaRuLzOxct8nz4T6wlgyUR7zLU309k9mBC768=",
        "owner": "nix-systems",
        "repo": "default",
        "rev": "da67096a3b9bf56a91d16901293e51ba5b49a27e",
        "type": "github"
      },
      "original": {
        "id": "systems",
        "type": "indirect"
      }
    },
    "systems_3": {
      "locked": {
        "lastModified": 1681028828,
        "narHash": "sha256-Vy1rq5AaRuLzOxct8nz4T6wlgyUR7zLU309k9mBC768=",
        "owner": "nix-systems",
        "repo": "default",
        "rev": "da67096a3b9bf56a91d16901293e51ba5b49a27e",
        "type": "github"
      },
      "original": {
        "owner": "nix-systems",
        "repo": "default",
        "type": "github"
      }
    },
    "systems_4": {
      "locked": {
        "lastModified": 1689347949,
        "narHash": "sha256-12tWmuL2zgBgZkdoB6qXZsgJEH9LR3oUgpaQq2RbI80=",
        "owner": "nix-systems",
        "repo": "default-linux",
        "rev": "31732fcf5e8fea42e59c2488ad31a0e651500f68",
        "type": "github"
      },
      "original": {
        "owner": "nix-systems",
        "repo": "default-linux",
        "type": "github"
      }
    },
    "systems_5": {
      "locked": {
        "lastModified": 1681028828,
        "narHash": "sha256-Vy1rq5AaRuLzOxct8nz4T6wlgyUR7zLU309k9mBC768=",
        "owner": "nix-systems",
        "repo": "default",
        "rev": "da67096a3b9bf56a91d16901293e51ba5b49a27e",
        "type": "github"
      },
      "original": {
        "owner": "nix-systems",
        "repo": "default",
        "type": "github"
      }
    },
    "treefmt-nix": {
      "inputs": {
        "nixpkgs": [
          "declarative-jellyfin",
          "nixpkgs"
        ]
      },
      "locked": {
        "lastModified": 1749194973,
        "narHash": "sha256-eEy8cuS0mZ2j/r/FE0/LYBSBcIs/MKOIVakwHVuqTfk=",
        "owner": "numtide",
        "repo": "treefmt-nix",
        "rev": "a05be418a1af1198ca0f63facb13c985db4cb3c5",
        "type": "github"
      },
      "original": {
        "owner": "numtide",
        "repo": "treefmt-nix",
        "type": "github"
      }
    }
  },
  "root": "root",
  "version": 7
}
